
Microsoft Visual Studio Solution File, Format Version 12.00
# Visual Studio Version 16
VisualStudioVersion = 16.0.29911.84
MinimumVisualStudioVersion = 10.0.40219.1
Project("{FAE04EC0-301F-11D3-BF4B-00C04F79EFBC}") = "RabbitMQ.Fanout.Publisher", "RabbitMQ.Client.Standard\RabbitMQ.Fanout.Publisher.csproj", "{691667E6-CF6D-4838-BE84-AB9422C3CE15}"
EndProject
Project("{FAE04EC0-301F-11D3-BF4B-00C04F79EFBC}") = "RabbitMQ.Fanout.Consumer", "RabbitMQ.Fanout.Consumer\RabbitMQ.Fanout.Consumer.csproj", "{D245895B-A3DD-49E3-8C3F-A22965E89694}"
EndProject
Project("{2150E333-8FDC-42A3-9474-1A3956D46DE8}") = "Fanout", "Fanout", "{75946B62-BA81-4437-BA1A-1CB8042F4D41}"
EndProject
Project("{2150E333-8FDC-42A3-9474-1A3956D46DE8}") = "Direct", "Direct", "{BE176352-171B-4C25-9CDE-70437530B160}"
EndProject
Project("{FAE04EC0-301F-11D3-BF4B-00C04F79EFBC}") = "RabbitMQ.Client.Direct.Consumer", "RabbitMQ.Client.Direct.Consumer\RabbitMQ.Client.Direct.Consumer.csproj", "{D7BDA62D-99C5-4EA0-9374-426BF152FD7C}"
EndProject
Project("{2150E333-8FDC-42A3-9474-1A3956D46DE8}") = "Headers", "Headers", "{E235E91F-D286-442A-9424-33BCF8494CD8}"
EndProject
Project("{FAE04EC0-301F-11D3-BF4B-00C04F79EFBC}") = "RabbitMQ.Headers.Consumer", "RabbitMQ.Headers.Consumer\RabbitMQ.Headers.Consumer.csproj", "{24DC113F-B574-4ADC-BD30-59E859B0CB8C}"
EndProject
Project("{2150E333-8FDC-42A3-9474-1A3956D46DE8}") = "DefaultExchange", "DefaultExchange", "{F48F3273-72DB-49B2-AE6C-DE5A6A4EECCA}"
EndProject
Project("{FAE04EC0-301F-11D3-BF4B-00C04F79EFBC}") = "RabbitMQ.DefaultExchange.Consumer", "RabbitMQ.DefaultExchange.Consumer\RabbitMQ.DefaultExchange.Consumer.csproj", "{17E73F2C-84C9-4640-B2E2-AB9EE354E352}"
EndProject
Project("{2150E333-8FDC-42A3-9474-1A3956D46DE8}") = "AlternateExchange", "AlternateExchange", "{C14D548B-A944-4FD9-8D02-4CFBA76E3B29}"
EndProject
Project("{FAE04EC0-301F-11D3-BF4B-00C04F79EFBC}") = "RabbitMQ.Client.AlternateExchange", "RabbitMQ.Client.AlternateExchange\RabbitMQ.Client.AlternateExchange.csproj", "{BC5C9A23-4FAD-437C-B417-17B4EE844FC5}"
EndProject
Project("{2150E333-8FDC-42A3-9474-1A3956D46DE8}") = "PullvsPush", "PullvsPush", "{51EFD4A6-10A4-4BD1-9DF6-70914892EDFA}"
EndProject
Project("{FAE04EC0-301F-11D3-BF4B-00C04F79EFBC}") = "RabbmitMQ.Client.PushPull", "RabbmitMQ.Client.PushPull\RabbmitMQ.Client.PushPull.csproj", "{DADF3B2C-F621-4DED-AA9F-EC0747E9ABFF}"
EndProject
Project("{2150E333-8FDC-42A3-9474-1A3956D46DE8}") = "WorkerQueues", "WorkerQueues", "{BB5835F8-D2BB-441E-8FA5-4D8E6A244E4F}"
EndProject
Project("{FAE04EC0-301F-11D3-BF4B-00C04F79EFBC}") = "RabbitMQ.Client.WorkerDemo", "RabbitMQ.Client.WorkerDemo\RabbitMQ.Client.WorkerDemo.csproj", "{5D1D8CA4-F6E0-423A-A7B4-6609D6F1F40B}"
EndProject
Project("{2150E333-8FDC-42A3-9474-1A3956D46DE8}") = "PublishSubscribe", "PublishSubscribe", "{D7E79AD8-8B8C-43B8-9ED3-FA4362D07B4D}"
EndProject
Project("{FAE04EC0-301F-11D3-BF4B-00C04F79EFBC}") = "RabbitMQ.Client.Publisher", "RabbitMQ.Client.Publisher\RabbitMQ.Client.Publisher.csproj", "{EB131E79-E6B6-460F-A868-4C4412DA70DF}"
EndProject
Project("{FAE04EC0-301F-11D3-BF4B-00C04F79EFBC}") = "RabbitMQ.Client.Subscriber", "RabbitMQ.Client.Subscriber\RabbitMQ.Client.Subscriber.csproj", "{36A16665-907F-4DB6-B9DA-170EF328E149}"
EndProject
Project("{2150E333-8FDC-42A3-9474-1A3956D46DE8}") = "RequestReply", "RequestReply", "{386D09A3-F727-47AC-A951-F5D17A557692}"
EndProject
Project("{FAE04EC0-301F-11D3-BF4B-00C04F79EFBC}") = "Reply", "RabbitMQ.Client.Reply\Reply.csproj", "{3FBEAF39-994F-44E8-BA55-7981E85ED6FD}"
EndProject
Project("{FAE04EC0-301F-11D3-BF4B-00C04F79EFBC}") = "Request", "Request\Request.csproj", "{5D0722E1-734D-4477-B650-A5437A35564F}"
EndProject
Project("{FAE04EC0-301F-11D3-BF4B-00C04F79EFBC}") = "CommonLibs", "CommonLibs\CommonLibs.csproj", "{4525240D-A4D4-4E2A-8E15-F6194D73C13B}"
EndProject
Project("{2150E333-8FDC-42A3-9474-1A3956D46DE8}") = "Priorities", "Priorities", "{6FF457EA-AC19-479F-BDFC-676408A6CC52}"
EndProject
Project("{FAE04EC0-301F-11D3-BF4B-00C04F79EFBC}") = "Publisher", "Publisher\Publisher.csproj", "{096A85B2-27B8-4395-9457-5AFC0AD6E1C0}"
EndProject
Project("{FAE04EC0-301F-11D3-BF4B-00C04F79EFBC}") = "Worker", "Worker\Worker.csproj", "{7D8461B3-F139-4713-8864-CE7B4314920A}"
EndProject
Global
	GlobalSection(SolutionConfigurationPlatforms) = preSolution
		Debug|Any CPU = Debug|Any CPU
		Release|Any CPU = Release|Any CPU
	EndGlobalSection
	GlobalSection(ProjectConfigurationPlatforms) = postSolution
		{691667E6-CF6D-4838-BE84-AB9422C3CE15}.Debug|Any CPU.ActiveCfg = Debug|Any CPU
		{691667E6-CF6D-4838-BE84-AB9422C3CE15}.Debug|Any CPU.Build.0 = Debug|Any CPU
		{691667E6-CF6D-4838-BE84-AB9422C3CE15}.Release|Any CPU.ActiveCfg = Release|Any CPU
		{691667E6-CF6D-4838-BE84-AB9422C3CE15}.Release|Any CPU.Build.0 = Release|Any CPU
		{D245895B-A3DD-49E3-8C3F-A22965E89694}.Debug|Any CPU.ActiveCfg = Debug|Any CPU
		{D245895B-A3DD-49E3-8C3F-A22965E89694}.Debug|Any CPU.Build.0 = Debug|Any CPU
		{D245895B-A3DD-49E3-8C3F-A22965E89694}.Release|Any CPU.ActiveCfg = Release|Any CPU
		{D245895B-A3DD-49E3-8C3F-A22965E89694}.Release|Any CPU.Build.0 = Release|Any CPU
		{D7BDA62D-99C5-4EA0-9374-426BF152FD7C}.Debug|Any CPU.ActiveCfg = Debug|Any CPU
		{D7BDA62D-99C5-4EA0-9374-426BF152FD7C}.Debug|Any CPU.Build.0 = Debug|Any CPU
		{D7BDA62D-99C5-4EA0-9374-426BF152FD7C}.Release|Any CPU.ActiveCfg = Release|Any CPU
		{D7BDA62D-99C5-4EA0-9374-426BF152FD7C}.Release|Any CPU.Build.0 = Release|Any CPU
		{24DC113F-B574-4ADC-BD30-59E859B0CB8C}.Debug|Any CPU.ActiveCfg = Debug|Any CPU
		{24DC113F-B574-4ADC-BD30-59E859B0CB8C}.Debug|Any CPU.Build.0 = Debug|Any CPU
		{24DC113F-B574-4ADC-BD30-59E859B0CB8C}.Release|Any CPU.ActiveCfg = Release|Any CPU
		{24DC113F-B574-4ADC-BD30-59E859B0CB8C}.Release|Any CPU.Build.0 = Release|Any CPU
		{17E73F2C-84C9-4640-B2E2-AB9EE354E352}.Debug|Any CPU.ActiveCfg = Debug|Any CPU
		{17E73F2C-84C9-4640-B2E2-AB9EE354E352}.Debug|Any CPU.Build.0 = Debug|Any CPU
		{17E73F2C-84C9-4640-B2E2-AB9EE354E352}.Release|Any CPU.ActiveCfg = Release|Any CPU
		{17E73F2C-84C9-4640-B2E2-AB9EE354E352}.Release|Any CPU.Build.0 = Release|Any CPU
		{BC5C9A23-4FAD-437C-B417-17B4EE844FC5}.Debug|Any CPU.ActiveCfg = Debug|Any CPU
		{BC5C9A23-4FAD-437C-B417-17B4EE844FC5}.Debug|Any CPU.Build.0 = Debug|Any CPU
		{BC5C9A23-4FAD-437C-B417-17B4EE844FC5}.Release|Any CPU.ActiveCfg = Release|Any CPU
		{BC5C9A23-4FAD-437C-B417-17B4EE844FC5}.Release|Any CPU.Build.0 = Release|Any CPU
		{DADF3B2C-F621-4DED-AA9F-EC0747E9ABFF}.Debug|Any CPU.ActiveCfg = Debug|Any CPU
		{DADF3B2C-F621-4DED-AA9F-EC0747E9ABFF}.Debug|Any CPU.Build.0 = Debug|Any CPU
		{DADF3B2C-F621-4DED-AA9F-EC0747E9ABFF}.Release|Any CPU.ActiveCfg = Release|Any CPU
		{DADF3B2C-F621-4DED-AA9F-EC0747E9ABFF}.Release|Any CPU.Build.0 = Release|Any CPU
		{5D1D8CA4-F6E0-423A-A7B4-6609D6F1F40B}.Debug|Any CPU.ActiveCfg = Debug|Any CPU
		{5D1D8CA4-F6E0-423A-A7B4-6609D6F1F40B}.Debug|Any CPU.Build.0 = Debug|Any CPU
		{5D1D8CA4-F6E0-423A-A7B4-6609D6F1F40B}.Release|Any CPU.ActiveCfg = Release|Any CPU
		{5D1D8CA4-F6E0-423A-A7B4-6609D6F1F40B}.Release|Any CPU.Build.0 = Release|Any CPU
		{EB131E79-E6B6-460F-A868-4C4412DA70DF}.Debug|Any CPU.ActiveCfg = Debug|Any CPU
		{EB131E79-E6B6-460F-A868-4C4412DA70DF}.Debug|Any CPU.Build.0 = Debug|Any CPU
		{EB131E79-E6B6-460F-A868-4C4412DA70DF}.Release|Any CPU.ActiveCfg = Release|Any CPU
		{EB131E79-E6B6-460F-A868-4C4412DA70DF}.Release|Any CPU.Build.0 = Release|Any CPU
		{36A16665-907F-4DB6-B9DA-170EF328E149}.Debug|Any CPU.ActiveCfg = Debug|Any CPU
		{36A16665-907F-4DB6-B9DA-170EF328E149}.Debug|Any CPU.Build.0 = Debug|Any CPU
		{36A16665-907F-4DB6-B9DA-170EF328E149}.Release|Any CPU.ActiveCfg = Release|Any CPU
		{36A16665-907F-4DB6-B9DA-170EF328E149}.Release|Any CPU.Build.0 = Release|Any CPU
		{3FBEAF39-994F-44E8-BA55-7981E85ED6FD}.Debug|Any CPU.ActiveCfg = Debug|Any CPU
		{3FBEAF39-994F-44E8-BA55-7981E85ED6FD}.Debug|Any CPU.Build.0 = Debug|Any CPU
		{3FBEAF39-994F-44E8-BA55-7981E85ED6FD}.Release|Any CPU.ActiveCfg = Release|Any CPU
		{3FBEAF39-994F-44E8-BA55-7981E85ED6FD}.Release|Any CPU.Build.0 = Release|Any CPU
		{5D0722E1-734D-4477-B650-A5437A35564F}.Debug|Any CPU.ActiveCfg = Debug|Any CPU
		{5D0722E1-734D-4477-B650-A5437A35564F}.Debug|Any CPU.Build.0 = Debug|Any CPU
		{5D0722E1-734D-4477-B650-A5437A35564F}.Release|Any CPU.ActiveCfg = Release|Any CPU
		{5D0722E1-734D-4477-B650-A5437A35564F}.Release|Any CPU.Build.0 = Release|Any CPU
		{4525240D-A4D4-4E2A-8E15-F6194D73C13B}.Debug|Any CPU.ActiveCfg = Debug|Any CPU
		{4525240D-A4D4-4E2A-8E15-F6194D73C13B}.Debug|Any CPU.Build.0 = Debug|Any CPU
		{4525240D-A4D4-4E2A-8E15-F6194D73C13B}.Release|Any CPU.ActiveCfg = Release|Any CPU
		{4525240D-A4D4-4E2A-8E15-F6194D73C13B}.Release|Any CPU.Build.0 = Release|Any CPU
		{096A85B2-27B8-4395-9457-5AFC0AD6E1C0}.Debug|Any CPU.ActiveCfg = Debug|Any CPU
		{096A85B2-27B8-4395-9457-5AFC0AD6E1C0}.Debug|Any CPU.Build.0 = Debug|Any CPU
		{096A85B2-27B8-4395-9457-5AFC0AD6E1C0}.Release|Any CPU.ActiveCfg = Release|Any CPU
		{096A85B2-27B8-4395-9457-5AFC0AD6E1C0}.Release|Any CPU.Build.0 = Release|Any CPU
		{7D8461B3-F139-4713-8864-CE7B4314920A}.Debug|Any CPU.ActiveCfg = Debug|Any CPU
		{7D8461B3-F139-4713-8864-CE7B4314920A}.Debug|Any CPU.Build.0 = Debug|Any CPU
		{7D8461B3-F139-4713-8864-CE7B4314920A}.Release|Any CPU.ActiveCfg = Release|Any CPU
		{7D8461B3-F139-4713-8864-CE7B4314920A}.Release|Any CPU.Build.0 = Release|Any CPU
	EndGlobalSection
	GlobalSection(SolutionProperties) = preSolution
		HideSolutionNode = FALSE
	EndGlobalSection
	GlobalSection(NestedProjects) = preSolution
		{691667E6-CF6D-4838-BE84-AB9422C3CE15} = {75946B62-BA81-4437-BA1A-1CB8042F4D41}
		{D245895B-A3DD-49E3-8C3F-A22965E89694} = {75946B62-BA81-4437-BA1A-1CB8042F4D41}
		{D7BDA62D-99C5-4EA0-9374-426BF152FD7C} = {BE176352-171B-4C25-9CDE-70437530B160}
		{24DC113F-B574-4ADC-BD30-59E859B0CB8C} = {E235E91F-D286-442A-9424-33BCF8494CD8}
		{17E73F2C-84C9-4640-B2E2-AB9EE354E352} = {F48F3273-72DB-49B2-AE6C-DE5A6A4EECCA}
		{BC5C9A23-4FAD-437C-B417-17B4EE844FC5} = {C14D548B-A944-4FD9-8D02-4CFBA76E3B29}
		{DADF3B2C-F621-4DED-AA9F-EC0747E9ABFF} = {51EFD4A6-10A4-4BD1-9DF6-70914892EDFA}
		{5D1D8CA4-F6E0-423A-A7B4-6609D6F1F40B} = {BB5835F8-D2BB-441E-8FA5-4D8E6A244E4F}
		{EB131E79-E6B6-460F-A868-4C4412DA70DF} = {D7E79AD8-8B8C-43B8-9ED3-FA4362D07B4D}
		{36A16665-907F-4DB6-B9DA-170EF328E149} = {D7E79AD8-8B8C-43B8-9ED3-FA4362D07B4D}
		{3FBEAF39-994F-44E8-BA55-7981E85ED6FD} = {386D09A3-F727-47AC-A951-F5D17A557692}
		{5D0722E1-734D-4477-B650-A5437A35564F} = {386D09A3-F727-47AC-A951-F5D17A557692}
		{4525240D-A4D4-4E2A-8E15-F6194D73C13B} = {386D09A3-F727-47AC-A951-F5D17A557692}
		{096A85B2-27B8-4395-9457-5AFC0AD6E1C0} = {6FF457EA-AC19-479F-BDFC-676408A6CC52}
		{7D8461B3-F139-4713-8864-CE7B4314920A} = {6FF457EA-AC19-479F-BDFC-676408A6CC52}
	EndGlobalSection
	GlobalSection(ExtensibilityGlobals) = postSolution
		SolutionGuid = {0ACEE1FE-4AFB-4295-AD48-AF18E956B09F}
	EndGlobalSection
EndGlobal
